{
  "originHash" : "36a41dec7c6117dbd44f753985a6cb5f1ad375c876be4b173665e96f3e6bda10",
  "pins" : [
    {
      "identity" : "swift-asn1",
      "kind" : "remoteSourceControl",
      "location" : "https://github.com/apple/swift-asn1.git",
      "state" : {
        "revision" : "eb50cbd14606a9161cbc5d452f18797c90ef0bab",
        "version" : "1.7.0"
      }
    },
    {
      "identity" : "swift-crypto",
      "kind" : "remoteSourceControl",
      "location" : "https://github.com/apple/swift-crypto.git",
      "state" : {
        "revision" : "1b6b2e274e85105bfa155183145a1dcfd63331f1",
        "version" : "4.5.0"
      }
    },
    {
      "identity" : "swift-rdf-canonize",
      "kind" : "remoteSourceControl",
      "location" : "https://github.com/Kingpin-Apps/swift-rdf-canonize.git",
      "state" : {
        "revision" : "8c0c4cca908e323f88a2b91bcd985144101c6a80",
        "version" : "0.2.2"
      }
    }
  ],
  "version" : 3
}
